PODS:
  - EachNavigationBar (0.4.1)

DEPENDENCIES:
  - EachNavigationBar (from `../`)

EXTERNAL SOURCES:
  EachNavigationBar:
    :path: "../"

SPEC CHECKSUMS:
  EachNavigationBar: f930f9eddb8366975eb19f2ddc2a72d15e192f69

PODFILE CHECKSUM: 43b27f3523332f4459752f64dfe0bb55026bfac2

COCOAPODS: 1.5.3
