PODS:
  - EachNavigationBar (1.15.3)

DEPENDENCIES:
  - EachNavigationBar (from `../`)

EXTERNAL SOURCES:
  EachNavigationBar:
    :path: "../"

SPEC CHECKSUMS:
  EachNavigationBar: caedb0f99ce0e3e2de85f72e26fda5b3b237a539

PODFILE CHECKSUM: 3503b3c3ed8084d02f4e01da33c319181282b40d

COCOAPODS: 1.11.2
