PODS:
  - EachNavigationBar (1.14.5)

DEPENDENCIES:
  - EachNavigationBar (from `../`)

EXTERNAL SOURCES:
  EachNavigationBar:
    :path: "../"

SPEC CHECKSUMS:
  EachNavigationBar: 476fc476d461db115be403260e6340e0f84287b4

PODFILE CHECKSUM: 3d71b1022ea23b1310df8ab078b9afba8a68e3d2

COCOAPODS: 1.10.0
